GEM
  remote: http://rubygems.org/
  specs:
    activemodel (3.0.3)
      activesupport (= 3.0.3)
      builder (~> 2.1.2)
      i18n (~> 0.4)
    activesupport (3.0.3)
    bson (1.2.0)
    bson_ext (1.2.0)
    builder (2.1.2)
    diff-lcs (1.1.2)
    facets (2.9.0)
    fattr (2.2.0)
    git (1.2.5)
    i18n (0.5.0)
    jeweler (1.5.2)
      bundler (~> 1.0.0)
      git (>= 1.2.5)
      rake
    mharris_ext (1.5.0)
      facets
      fattr
    mongo (1.2.0)
      bson (>= 1.2.0)
    mongoid (2.0.0.rc.7)
      activemodel (~> 3.0)
      mongo (~> 1.2)
      tzinfo (~> 0.3.22)
      will_paginate (~> 3.0.pre)
    rake (0.8.7)
    rcov (0.9.9)
    rr (1.0.2)
    rspec (2.3.0)
      rspec-core (~> 2.3.0)
      rspec-expectations (~> 2.3.0)
      rspec-mocks (~> 2.3.0)
    rspec-core (2.3.1)
    rspec-expectations (2.3.0)
      diff-lcs (~> 1.1.2)
    rspec-mocks (2.3.0)
    tzinfo (0.3.24)
    will_paginate (3.0.pre2)

PLATFORMS
  x86-mingw32

DEPENDENCIES
  bson_ext
  bundler (~> 1.0.0)
  jeweler (~> 1.5.2)
  mharris_ext
  mongoid
  rcov
  rr
  rspec (~> 2.3.0)
